<?xml version="1.0" encoding="utf-8"?>
<Project ToolsVersion="4.0" xmlns="http://schemas.microsoft.com/developer/msbuild/2003">
  <ItemGroup>
    <Filter Include="resource">
      <UniqueIdentifier>{bb54ad5e-140e-4b53-bdb7-b9559b5bf465}</UniqueIdentifier>
    </Filter>
    <Filter Include="dist">
      <UniqueIdentifier>{09dc7aa0-db7c-4afe-a1ba-25d8c23aad6c}</UniqueIdentifier>
    </Filter>
    <Filter Include="witcherPic">
      <UniqueIdentifier>{323b65b4-abd4-42df-8fcb-ed4e5916f338}</UniqueIdentifier>
    </Filter>
    <Filter Include="witcherPic\cuda">
      <UniqueIdentifier>{0a9bc146-be08-4a15-9615-7c48e9180cb7}</UniqueIdentifier>
    </Filter>
  </ItemGroup>
  <ItemGroup>
    <ClCompile Include="witcherPic.ixx">
      <Filter>witcherPic</Filter>
    </ClCompile>
    <ClCompile Include="witcherPic.util.ixx">
      <Filter>witcherPic</Filter>
    </ClCompile>
    <ClCompile Include="witcherPic.util.cpp">
      <Filter>witcherPic</Filter>
    </ClCompile>
    <ClCompile Include="main.cpp" />
    <ClCompile Include="witcherPic_types.cpp">
      <Filter>witcherPic</Filter>
    </ClCompile>
  </ItemGroup>
  <ItemGroup>
    <ClInclude Include="witcherPic_types.h">
      <Filter>witcherPic</Filter>
    </ClInclude>
    <ClInclude Include="cudaTextRec.cuh">
      <Filter>witcherPic\cuda</Filter>
    </ClInclude>
    <ClInclude Include="deviceLib.cuh">
      <Filter>witcherPic\cuda</Filter>
    </ClInclude>
    <ClInclude Include="main.h" />
  </ItemGroup>
  <ItemGroup>
    <CudaCompile Include="cudaTextRec.cu">
      <Filter>witcherPic\cuda</Filter>
    </CudaCompile>
  </ItemGroup>
  <ItemGroup>
    <None Include="..\.gitignore" />
  </ItemGroup>
  <ItemGroup>
    <Image Include="resource\test.jpg">
      <Filter>resource</Filter>
    </Image>
    <Image Include="dist\canny.bmp">
      <Filter>dist</Filter>
    </Image>
    <Image Include="resource\cp.jfif">
      <Filter>resource</Filter>
    </Image>
    <Image Include="resource\qx2.png">
      <Filter>resource</Filter>
    </Image>
    <Image Include="resource\cp2.jpg">
      <Filter>resource</Filter>
    </Image>
    <Image Include="dist\edge.png">
      <Filter>dist</Filter>
    </Image>
  </ItemGroup>
</Project>